
Microsoft Visual Studio Solution File, Format Version 9.00
# Visual Studio 2005
Project("{8BC9CEB8-8B4A-11D0-8D11-00A0C91BC942}") = "Monkey", "Monkey.vcproj", "{9189BBA4-8E01-45B7-8EA1-11E898D843C5}"
EndProject
Global
	GlobalSection(SolutionConfigurationPlatforms) = preSolution
		Debug|Win32 = Debug|Win32
		Release|Win32 = Release|Win32
	EndGlobalSection
	GlobalSection(ProjectConfigurationPlatforms) = postSolution
		{9189BBA4-8E01-45B7-8EA1-11E898D843C5}.Debug|Win32.ActiveCfg = Debug|Win32
		{9189BBA4-8E01-45B7-8EA1-11E898D843C5}.Debug|Win32.Build.0 = Debug|Win32
		{9189BBA4-8E01-45B7-8EA1-11E898D843C5}.Release|Win32.ActiveCfg = Release|Win32
		{9189BBA4-8E01-45B7-8EA1-11E898D843C5}.Release|Win32.Build.0 = Release|Win32
	EndGlobalSection
	GlobalSection(SolutionProperties) = preSolution
		HideSolutionNode = FALSE
	EndGlobalSection
EndGlobal
