
Microsoft Visual Studio Solution File, Format Version 9.00
# Visual Studio 2005
Project("{8BC9CEB8-8B4A-11D0-8D11-00A0C91BC942}") = "hwinterface", "hwinterface.vcproj", "{B94E1AC6-D0EB-4E27-B75C-C214B2FBFA1D}"
EndProject
Global
	GlobalSection(SolutionConfigurationPlatforms) = preSolution
		Debug|Win32 = Debug|Win32
		Release|Win32 = Release|Win32
		Unicode Debug|Win32 = Unicode Debug|Win32
		Unicode Release|Win32 = Unicode Release|Win32
	EndGlobalSection
	GlobalSection(ProjectConfigurationPlatforms) = postSolution
		{B94E1AC6-D0EB-4E27-B75C-C214B2FBFA1D}.Debug|Win32.ActiveCfg = Debug|Win32
		{B94E1AC6-D0EB-4E27-B75C-C214B2FBFA1D}.Debug|Win32.Build.0 = Debug|Win32
		{B94E1AC6-D0EB-4E27-B75C-C214B2FBFA1D}.Release|Win32.ActiveCfg = Release|Win32
		{B94E1AC6-D0EB-4E27-B75C-C214B2FBFA1D}.Release|Win32.Build.0 = Release|Win32
		{B94E1AC6-D0EB-4E27-B75C-C214B2FBFA1D}.Unicode Debug|Win32.ActiveCfg = Unicode Debug|Win32
		{B94E1AC6-D0EB-4E27-B75C-C214B2FBFA1D}.Unicode Debug|Win32.Build.0 = Unicode Debug|Win32
		{B94E1AC6-D0EB-4E27-B75C-C214B2FBFA1D}.Unicode Release|Win32.ActiveCfg = Unicode Release|Win32
		{B94E1AC6-D0EB-4E27-B75C-C214B2FBFA1D}.Unicode Release|Win32.Build.0 = Unicode Release|Win32
	EndGlobalSection
	GlobalSection(SolutionProperties) = preSolution
		HideSolutionNode = FALSE
	EndGlobalSection
EndGlobal
